
Microsoft Visual Studio Solution File, Format Version 12.00
# Visual Studio Version 16
VisualStudioVersion = 16.0.29613.14
MinimumVisualStudioVersion = 10.0.40219.1
Project("{9A19103F-16F7-4668-BE54-9A1E7A4F7556}") = "CalculatorApp", "CalculatorApp\CalculatorApp.csproj", "{6E7015D2-2C77-4D72-B285-0C4B1D0675A3}"
EndProject
Project("{9A19103F-16F7-4668-BE54-9A1E7A4F7556}") = "Calculator.XUnitTest", "Calculator.XUnitTest\Calculator.XUnitTest.csproj", "{BAB62DD6-46A8-477A-9CCF-173BA64B2653}"
EndProject
Project("{9A19103F-16F7-4668-BE54-9A1E7A4F7556}") = "CreditCardApp", "CreditCardApp\CreditCardApp.csproj", "{2B598270-FE58-4698-859F-E22E6151EAF7}"
EndProject
Project("{9A19103F-16F7-4668-BE54-9A1E7A4F7556}") = "CreditCard.MoqXUnitTest", "CreditCard.MoqXUnitTest\CreditCard.MoqXUnitTest.csproj", "{81F2D8DD-8BB1-4707-903F-918A5CEFEBE3}"
EndProject
Project("{2150E333-8FDC-42A3-9474-1A3956D46DE8}") = "ReadMe", "ReadMe", "{D36D004C-2C9E-460A-AA4E-19BFCCE74103}"
	ProjectSection(SolutionItems) = preProject
		ReadMe.txt = ReadMe.txt
	EndProjectSection
EndProject
Project("{FAE04EC0-301F-11D3-BF4B-00C04F79EFBC}") = "AspNetMvc", "AspNetMvc\AspNetMvc.csproj", "{A84B3FEE-D137-4985-A65D-88EE679BB4BC}"
EndProject
Project("{FAE04EC0-301F-11D3-BF4B-00C04F79EFBC}") = "AspNetMvc.UnitTest", "AspNetMvc.UnitTest\AspNetMvc.UnitTest.csproj", "{1729B395-D257-4387-A296-BD1A91FED540}"
EndProject
Global
	GlobalSection(SolutionConfigurationPlatforms) = preSolution
		Debug|Any CPU = Debug|Any CPU
		Release|Any CPU = Release|Any CPU
	EndGlobalSection
	GlobalSection(ProjectConfigurationPlatforms) = postSolution
		{6E7015D2-2C77-4D72-B285-0C4B1D0675A3}.Debug|Any CPU.ActiveCfg = Debug|Any CPU
		{6E7015D2-2C77-4D72-B285-0C4B1D0675A3}.Debug|Any CPU.Build.0 = Debug|Any CPU
		{6E7015D2-2C77-4D72-B285-0C4B1D0675A3}.Release|Any CPU.ActiveCfg = Release|Any CPU
		{6E7015D2-2C77-4D72-B285-0C4B1D0675A3}.Release|Any CPU.Build.0 = Release|Any CPU
		{BAB62DD6-46A8-477A-9CCF-173BA64B2653}.Debug|Any CPU.ActiveCfg = Debug|Any CPU
		{BAB62DD6-46A8-477A-9CCF-173BA64B2653}.Debug|Any CPU.Build.0 = Debug|Any CPU
		{BAB62DD6-46A8-477A-9CCF-173BA64B2653}.Release|Any CPU.ActiveCfg = Release|Any CPU
		{BAB62DD6-46A8-477A-9CCF-173BA64B2653}.Release|Any CPU.Build.0 = Release|Any CPU
		{2B598270-FE58-4698-859F-E22E6151EAF7}.Debug|Any CPU.ActiveCfg = Debug|Any CPU
		{2B598270-FE58-4698-859F-E22E6151EAF7}.Debug|Any CPU.Build.0 = Debug|Any CPU
		{2B598270-FE58-4698-859F-E22E6151EAF7}.Release|Any CPU.ActiveCfg = Release|Any CPU
		{2B598270-FE58-4698-859F-E22E6151EAF7}.Release|Any CPU.Build.0 = Release|Any CPU
		{81F2D8DD-8BB1-4707-903F-918A5CEFEBE3}.Debug|Any CPU.ActiveCfg = Debug|Any CPU
		{81F2D8DD-8BB1-4707-903F-918A5CEFEBE3}.Debug|Any CPU.Build.0 = Debug|Any CPU
		{81F2D8DD-8BB1-4707-903F-918A5CEFEBE3}.Release|Any CPU.ActiveCfg = Release|Any CPU
		{81F2D8DD-8BB1-4707-903F-918A5CEFEBE3}.Release|Any CPU.Build.0 = Release|Any CPU
		{A84B3FEE-D137-4985-A65D-88EE679BB4BC}.Debug|Any CPU.ActiveCfg = Debug|Any CPU
		{A84B3FEE-D137-4985-A65D-88EE679BB4BC}.Debug|Any CPU.Build.0 = Debug|Any CPU
		{A84B3FEE-D137-4985-A65D-88EE679BB4BC}.Release|Any CPU.ActiveCfg = Release|Any CPU
		{A84B3FEE-D137-4985-A65D-88EE679BB4BC}.Release|Any CPU.Build.0 = Release|Any CPU
		{1729B395-D257-4387-A296-BD1A91FED540}.Debug|Any CPU.ActiveCfg = Debug|Any CPU
		{1729B395-D257-4387-A296-BD1A91FED540}.Debug|Any CPU.Build.0 = Debug|Any CPU
		{1729B395-D257-4387-A296-BD1A91FED540}.Release|Any CPU.ActiveCfg = Release|Any CPU
		{1729B395-D257-4387-A296-BD1A91FED540}.Release|Any CPU.Build.0 = Release|Any CPU
	EndGlobalSection
	GlobalSection(SolutionProperties) = preSolution
		HideSolutionNode = FALSE
	EndGlobalSection
	GlobalSection(ExtensibilityGlobals) = postSolution
		SolutionGuid = {E89BBC50-4168-41EB-8955-1EB723942598}
	EndGlobalSection
EndGlobal
